
Microsoft Visual Studio Solution File, Format Version 12.00
# Visual Studio Version 16
VisualStudioVersion = 16.0.32510.428
MinimumVisualStudioVersion = 10.0.40219.1
Project("{FAE04EC0-301F-11D3-BF4B-00C04F79EFBC}") = "WInForm-Magic Square", "WInForm-Magic Square.csproj", "{413BCE86-7012-4AD8-AC0E-F86A26E00CC1}"
EndProject
Global
	GlobalSection(SolutionConfigurationPlatforms) = preSolution
		Debug|Any CPU = Debug|Any CPU
		Release|Any CPU = Release|Any CPU
	EndGlobalSection
	GlobalSection(ProjectConfigurationPlatforms) = postSolution
		{413BCE86-7012-4AD8-AC0E-F86A26E00CC1}.Debug|Any CPU.ActiveCfg = Debug|Any CPU
		{413BCE86-7012-4AD8-AC0E-F86A26E00CC1}.Debug|Any CPU.Build.0 = Debug|Any CPU
		{413BCE86-7012-4AD8-AC0E-F86A26E00CC1}.Release|Any CPU.ActiveCfg = Release|Any CPU
		{413BCE86-7012-4AD8-AC0E-F86A26E00CC1}.Release|Any CPU.Build.0 = Release|Any CPU
	EndGlobalSection
	GlobalSection(SolutionProperties) = preSolution
		HideSolutionNode = FALSE
	EndGlobalSection
	GlobalSection(ExtensibilityGlobals) = postSolution
		SolutionGuid = {F479DC75-40F5-4007-A876-6B3140FEA9FE}
	EndGlobalSection
EndGlobal
